
Microsoft Visual Studio Solution File, Format Version 12.00
# Visual Studio Version 17
VisualStudioVersion = 17.9.34526.213
MinimumVisualStudioVersion = 10.0.40219.1
Project("{9A19103F-16F7-4668-BE54-9A1E7A4F7556}") = "Wujek Dualsense API", "Wujek Dualsense API\Wujek Dualsense API.csproj", "{3D9F6A06-8A2F-4B84-81DA-809853F4180C}"
EndProject
Global
	GlobalSection(SolutionConfigurationPlatforms) = preSolution
		Debug|Any CPU = Debug|Any CPU
		Release|Any CPU = Release|Any CPU
	EndGlobalSection
	GlobalSection(ProjectConfigurationPlatforms) = postSolution
		{3D9F6A06-8A2F-4B84-81DA-809853F4180C}.Debug|Any CPU.ActiveCfg = Debug|Any CPU
		{3D9F6A06-8A2F-4B84-81DA-809853F4180C}.Debug|Any CPU.Build.0 = Debug|Any CPU
		{3D9F6A06-8A2F-4B84-81DA-809853F4180C}.Release|Any CPU.ActiveCfg = Release|Any CPU
		{3D9F6A06-8A2F-4B84-81DA-809853F4180C}.Release|Any CPU.Build.0 = Release|Any CPU
	EndGlobalSection
	GlobalSection(SolutionProperties) = preSolution
		HideSolutionNode = FALSE
	EndGlobalSection
	GlobalSection(ExtensibilityGlobals) = postSolution
		SolutionGuid = {C7803D33-1421-46C1-9AA1-DA62B0DF675B}
	EndGlobalSection
EndGlobal
